{
  "object": {
    "pins": [
      {
        "package": "swift-tools-support-core",
        "repositoryURL": "https://github.com/apple/swift-tools-support-core.git",
        "state": {
          "branch": null,
          "revision": "3b6b97d612b56e25d80d0807f5bc38ea08b7bdf3",
          "version": "0.2.3"
        }
      }
    ]
  },
  "version": 1
}
