// !$*UTF8*$!
{
	archiveVersion = 1;
	classes = {
	};
	objectVersion = 50;
	objects = {

/* Begin PBXBuildFile section */
		5443C21423032448009E7319 /* secondViewController.swift in Sources */ = {isa = PBXBuildFile; fileRef = 5443C21323032448009E7319 /* secondViewController.swift */; };
		5443C2162303250E009E7319 /* firstViewController.swift in Sources */ = {isa = PBXBuildFile; fileRef = 5443C2152303250E009E7319 /* firstViewController.swift */; };
		5443C23123037027009E7319 /* CPTEmptyTestBundle.swift in Sources */ = {isa = PBXBuildFile; fileRef = 5443C23023037027009E7319 /* CPTEmptyTestBundle.swift */; };
		5443C23F230370C0009E7319 /* CPTTitleChangeTests.swift in Sources */ = {isa = PBXBuildFile; fileRef = 5443C23E230370C0009E7319 /* CPTTitleChangeTests.swift */; };
		5443C25423037F72009E7319 /* CPTBundleWithMultipleSuites.swift in Sources */ = {isa = PBXBuildFile; fileRef = 5443C25323037F72009E7319 /* CPTBundleWithMultipleSuites.swift */; };
		5443C25C23037FE9009E7319 /* CPTNavigateTabs.swift in Sources */ = {isa = PBXBuildFile; fileRef = 5443C25B23037FE9009E7319 /* CPTNavigateTabs.swift */; };
		5443C25E23038036009E7319 /* CPTTitleChangeTests.swift in Sources */ = {isa = PBXBuildFile; fileRef = 5443C25D23038036009E7319 /* CPTTitleChangeTests.swift */; };
		5443C26923047D57009E7319 /* CPTUnitTestBundle.swift in Sources */ = {isa = PBXBuildFile; fileRef = 5443C26823047D57009E7319 /* CPTUnitTestBundle.swift */; };
		5443C27123047E14009E7319 /* CPTTestIncrement.swift in Sources */ = {isa = PBXBuildFile; fileRef = 5443C27023047E14009E7319 /* CPTTestIncrement.swift */; };
		5443C2742304840D009E7319 /* CPTTestChangeTitle.swift in Sources */ = {isa = PBXBuildFile; fileRef = 5443C2732304840D009E7319 /* CPTTestChangeTitle.swift */; };
		5443C28023048EE1009E7319 /* testTabViewController.swift in Sources */ = {isa = PBXBuildFile; fileRef = 5443C27E23048EE1009E7319 /* testTabViewController.swift */; };
		5443C28323049013009E7319 /* xcparseViewController.swift in Sources */ = {isa = PBXBuildFile; fileRef = 5443C28223049013009E7319 /* xcparseViewController.swift */; };
		5465E005230EFC9200263B4D /* customSegue.swift in Sources */ = {isa = PBXBuildFile; fileRef = 5465E004230EFC9200263B4D /* customSegue.swift */; };
		5465E007230F0F2600263B4D /* allTestsViewController.swift in Sources */ = {isa = PBXBuildFile; fileRef = 5465E006230F0F2600263B4D /* allTestsViewController.swift */; };
		5465E00B230F1CFF00263B4D /* addBreakdownTab.swift in Sources */ = {isa = PBXBuildFile; fileRef = 5465E00A230F1CFF00263B4D /* addBreakdownTab.swift */; };
		548E237A230CAB7C002F0820 /* testSummariesBreakdownViewController.swift in Sources */ = {isa = PBXBuildFile; fileRef = 548E2379230CAB7C002F0820 /* testSummariesBreakdownViewController.swift */; };
		548E237D230CC0C6002F0820 /* subtestSummaryBreakdownViewController.swift in Sources */ = {isa = PBXBuildFile; fileRef = 548E237C230CC0C6002F0820 /* subtestSummaryBreakdownViewController.swift */; };
		54AC57A9231054FD0081D5F0 /* breakdownWindowController.swift in Sources */ = {isa = PBXBuildFile; fileRef = 54AC57A8231054FD0081D5F0 /* breakdownWindowController.swift */; };
		54AC57B72310B7530081D5F0 /* xcparser.framework in Frameworks */ = {isa = PBXBuildFile; fileRef = 54AC57B62310B7530081D5F0 /* xcparser.framework */; };
		54AC57B82310B7530081D5F0 /* xcparser.framework in Embed Frameworks */ = {isa = PBXBuildFile; fileRef = 54AC57B62310B7530081D5F0 /* xcparser.framework */; settings = {ATTRIBUTES = (CodeSignOnCopy, RemoveHeadersOnCopy, ); }; };
		54B53F6F230F3A4C00D1ED2C /* xcparseFields.swift in Sources */ = {isa = PBXBuildFile; fileRef = 54B53F6E230F3A4C00D1ED2C /* xcparseFields.swift */; };
		54B53F73230F4E0F00D1ED2C /* exportViewController.swift in Sources */ = {isa = PBXBuildFile; fileRef = 54B53F72230F4E0F00D1ED2C /* exportViewController.swift */; };
		54F16A942304A23900601106 /* xcparseView.swift in Sources */ = {isa = PBXBuildFile; fileRef = 54F16A932304A23900601106 /* xcparseView.swift */; };
		54F16A9D2304D30700601106 /* objectBreakdownViewController.swift in Sources */ = {isa = PBXBuildFile; fileRef = 54F16A9C2304D30700601106 /* objectBreakdownViewController.swift */; };
		54FABB0D2302265600369599 /* AppDelegate.swift in Sources */ = {isa = PBXBuildFile; fileRef = 54FABB0C2302265600369599 /* AppDelegate.swift */; };
		54FABB0F2302265600369599 /* ViewController.swift in Sources */ = {isa = PBXBuildFile; fileRef = 54FABB0E2302265600369599 /* ViewController.swift */; };
		54FABB112302265700369599 /* Assets.xcassets in Resources */ = {isa = PBXBuildFile; fileRef = 54FABB102302265700369599 /* Assets.xcassets */; };
		54FABB142302265700369599 /* Main.storyboard in Resources */ = {isa = PBXBuildFile; fileRef = 54FABB122302265700369599 /* Main.storyboard */; };
		54FABB202302265700369599 /* Sample_Test_AppTests.swift in Sources */ = {isa = PBXBuildFile; fileRef = 54FABB1F2302265700369599 /* Sample_Test_AppTests.swift */; };
		54FABB2B2302265700369599 /* Sample_Test_AppUITests.swift in Sources */ = {isa = PBXBuildFile; fileRef = 54FABB2A2302265700369599 /* Sample_Test_AppUITests.swift */; };
/* End PBXBuildFile section */

/* Begin PBXContainerItemProxy section */
		5443C23323037027009E7319 /* PBXContainerItemProxy */ = {
			isa = PBXContainerItemProxy;
			containerPortal = 54FABB012302265600369599 /* Project object */;
			proxyType = 1;
			remoteGlobalIDString = 54FABB082302265600369599;
			remoteInfo = "Sample-Test-App";
		};
		5443C241230370C0009E7319 /* PBXContainerItemProxy */ = {
			isa = PBXContainerItemProxy;
			containerPortal = 54FABB012302265600369599 /* Project object */;
			proxyType = 1;
			remoteGlobalIDString = 54FABB082302265600369599;
			remoteInfo = "Sample-Test-App";
		};
		5443C25623037F72009E7319 /* PBXContainerItemProxy */ = {
			isa = PBXContainerItemProxy;
			containerPortal = 54FABB012302265600369599 /* Project object */;
			proxyType = 1;
			remoteGlobalIDString = 54FABB082302265600369599;
			remoteInfo = "Sample-Test-App";
		};
		5443C26B23047D57009E7319 /* PBXContainerItemProxy */ = {
			isa = PBXContainerItemProxy;
			containerPortal = 54FABB012302265600369599 /* Project object */;
			proxyType = 1;
			remoteGlobalIDString = 54FABB082302265600369599;
			remoteInfo = "Sample-Test-App";
		};
		548E236623071D79002F0820 /* PBXContainerItemProxy */ = {
			isa = PBXContainerItemProxy;
			containerPortal = 548E236123071D79002F0820 /* xcparser.xcodeproj */;
			proxyType = 2;
			remoteGlobalIDString = 548E233F23071AE2002F0820;
			remoteInfo = xcparser;
		};
		548E236823071D79002F0820 /* PBXContainerItemProxy */ = {
			isa = PBXContainerItemProxy;
			containerPortal = 548E236123071D79002F0820 /* xcparser.xcodeproj */;
			proxyType = 2;
			remoteGlobalIDString = 548E234823071AE2002F0820;
			remoteInfo = xcparserTests;
		};
		54FABB1C2302265700369599 /* PBXContainerItemProxy */ = {
			isa = PBXContainerItemProxy;
			containerPortal = 54FABB012302265600369599 /* Project object */;
			proxyType = 1;
			remoteGlobalIDString = 54FABB082302265600369599;
			remoteInfo = "Sample-Test-App";
		};
		54FABB272302265700369599 /* PBXContainerItemProxy */ = {
			isa = PBXContainerItemProxy;
			containerPortal = 54FABB012302265600369599 /* Project object */;
			proxyType = 1;
			remoteGlobalIDString = 54FABB082302265600369599;
			remoteInfo = "Sample-Test-App";
		};
/* End PBXContainerItemProxy section */

/* Begin PBXCopyFilesBuildPhase section */
		54AC57B92310B7530081D5F0 /* Embed Frameworks */ = {
			isa = PBXCopyFilesBuildPhase;
			buildActionMask = 2147483647;
			dstPath = "";
			dstSubfolderSpec = 10;
			files = (
				54AC57B82310B7530081D5F0 /* xcparser.framework in Embed Frameworks */,
			);
			name = "Embed Frameworks";
			runOnlyForDeploymentPostprocessing = 0;
		};
/* End PBXCopyFilesBuildPhase section */

/* Begin PBXFileReference section */
		5443C21323032448009E7319 /* secondViewController.swift */ = {isa = PBXFileReference; lastKnownFileType = sourcecode.swift; path = secondViewController.swift; sourceTree = "<group>"; };
		5443C2152303250E009E7319 /* firstViewController.swift */ = {isa = PBXFileReference; lastKnownFileType = sourcecode.swift; path = firstViewController.swift; sourceTree = "<group>"; };
		5443C22E23037027009E7319 /* CPTEmptyTestBundle.xctest */ = {isa = PBXFileReference; explicitFileType = wrapper.cfbundle; includeInIndex = 0; path = CPTEmptyTestBundle.xctest; sourceTree = BUILT_PRODUCTS_DIR; };
		5443C23023037027009E7319 /* CPTEmptyTestBundle.swift */ = {isa = PBXFileReference; lastKnownFileType = sourcecode.swift; path = CPTEmptyTestBundle.swift; sourceTree = "<group>"; };
		5443C23223037027009E7319 /* Info.plist */ = {isa = PBXFileReference; lastKnownFileType = text.plist.xml; path = Info.plist; sourceTree = "<group>"; };
		5443C23C230370C0009E7319 /* CPTTitleChangeTests.xctest */ = {isa = PBXFileReference; explicitFileType = wrapper.cfbundle; includeInIndex = 0; path = CPTTitleChangeTests.xctest; sourceTree = BUILT_PRODUCTS_DIR; };
		5443C23E230370C0009E7319 /* CPTTitleChangeTests.swift */ = {isa = PBXFileReference; lastKnownFileType = sourcecode.swift; path = CPTTitleChangeTests.swift; sourceTree = "<group>"; };
		5443C240230370C0009E7319 /* Info.plist */ = {isa = PBXFileReference; lastKnownFileType = text.plist.xml; path = Info.plist; sourceTree = "<group>"; };
		5443C25123037F72009E7319 /* CPTBundleWithMultipleSuites.xctest */ = {isa = PBXFileReference; explicitFileType = wrapper.cfbundle; includeInIndex = 0; path = CPTBundleWithMultipleSuites.xctest; sourceTree = BUILT_PRODUCTS_DIR; };
		5443C25323037F72009E7319 /* CPTBundleWithMultipleSuites.swift */ = {isa = PBXFileReference; lastKnownFileType = sourcecode.swift; path = CPTBundleWithMultipleSuites.swift; sourceTree = "<group>"; };
		5443C25523037F72009E7319 /* Info.plist */ = {isa = PBXFileReference; lastKnownFileType = text.plist.xml; path = Info.plist; sourceTree = "<group>"; };
		5443C25B23037FE9009E7319 /* CPTNavigateTabs.swift */ = {isa = PBXFileReference; lastKnownFileType = sourcecode.swift; path = CPTNavigateTabs.swift; sourceTree = "<group>"; };
		5443C25D23038036009E7319 /* CPTTitleChangeTests.swift */ = {isa = PBXFileReference; lastKnownFileType = sourcecode.swift; path = CPTTitleChangeTests.swift; sourceTree = "<group>"; };
		5443C25F23038566009E7319 /* CPTMultipleConfigurations.xctestplan */ = {isa = PBXFileReference; lastKnownFileType = text; name = CPTMultipleConfigurations.xctestplan; path = "Sample-Test-App.xcodeproj/CPTMultipleConfigurations.xctestplan"; sourceTree = "<group>"; };
		5443C26023047374009E7319 /* CPTTestPlanWithEmptyBundle.xctestplan */ = {isa = PBXFileReference; lastKnownFileType = text; name = CPTTestPlanWithEmptyBundle.xctestplan; path = "Sample-Test-App.xcodeproj/CPTTestPlanWithEmptyBundle.xctestplan"; sourceTree = "<group>"; };
		5443C26123047A46009E7319 /* CPTTestPlanWithSampleTests.xctestplan */ = {isa = PBXFileReference; lastKnownFileType = text; name = CPTTestPlanWithSampleTests.xctestplan; path = "Sample-Test-App.xcodeproj/CPTTestPlanWithSampleTests.xctestplan"; sourceTree = "<group>"; };
		5443C26623047D57009E7319 /* CPTUnitTestBundle.xctest */ = {isa = PBXFileReference; explicitFileType = wrapper.cfbundle; includeInIndex = 0; path = CPTUnitTestBundle.xctest; sourceTree = BUILT_PRODUCTS_DIR; };
		5443C26823047D57009E7319 /* CPTUnitTestBundle.swift */ = {isa = PBXFileReference; lastKnownFileType = sourcecode.swift; path = CPTUnitTestBundle.swift; sourceTree = "<group>"; };
		5443C26A23047D57009E7319 /* Info.plist */ = {isa = PBXFileReference; lastKnownFileType = text.plist.xml; path = Info.plist; sourceTree = "<group>"; };
		5443C27023047E14009E7319 /* CPTTestIncrement.swift */ = {isa = PBXFileReference; lastKnownFileType = sourcecode.swift; path = CPTTestIncrement.swift; sourceTree = "<group>"; };
		5443C272230480A0009E7319 /* CPTTestPlanWithUnitTest.xctestplan */ = {isa = PBXFileReference; lastKnownFileType = text; path = CPTTestPlanWithUnitTest.xctestplan; sourceTree = "<group>"; };
		5443C2732304840D009E7319 /* CPTTestChangeTitle.swift */ = {isa = PBXFileReference; lastKnownFileType = sourcecode.swift; path = CPTTestChangeTitle.swift; sourceTree = "<group>"; };
		5443C275230485FE009E7319 /* CPTMixedTestPlan.xctestplan */ = {isa = PBXFileReference; lastKnownFileType = text; name = CPTMixedTestPlan.xctestplan; path = "Sample-Test-App.xcodeproj/CPTMixedTestPlan.xctestplan"; sourceTree = "<group>"; };
		5443C27623048717009E7319 /* CPTSingleBundleSingleTest.xctestplan */ = {isa = PBXFileReference; lastKnownFileType = text; path = CPTSingleBundleSingleTest.xctestplan; sourceTree = "<group>"; };
		5443C27E23048EE1009E7319 /* testTabViewController.swift */ = {isa = PBXFileReference; lastKnownFileType = sourcecode.swift; path = testTabViewController.swift; sourceTree = "<group>"; };
		5443C28223049013009E7319 /* xcparseViewController.swift */ = {isa = PBXFileReference; lastKnownFileType = sourcecode.swift; path = xcparseViewController.swift; sourceTree = "<group>"; };
		5465E004230EFC9200263B4D /* customSegue.swift */ = {isa = PBXFileReference; lastKnownFileType = sourcecode.swift; path = customSegue.swift; sourceTree = "<group>"; };
		5465E006230F0F2600263B4D /* allTestsViewController.swift */ = {isa = PBXFileReference; lastKnownFileType = sourcecode.swift; path = allTestsViewController.swift; sourceTree = "<group>"; };
		5465E00A230F1CFF00263B4D /* addBreakdownTab.swift */ = {isa = PBXFileReference; lastKnownFileType = sourcecode.swift; path = addBreakdownTab.swift; sourceTree = "<group>"; };
		548E236123071D79002F0820 /* xcparser.xcodeproj */ = {isa = PBXFileReference; lastKnownFileType = "wrapper.pb-project"; name = xcparser.xcodeproj; path = ../../xcparser/xcparser.xcodeproj; sourceTree = "<group>"; };
		548E2379230CAB7C002F0820 /* testSummariesBreakdownViewController.swift */ = {isa = PBXFileReference; lastKnownFileType = sourcecode.swift; path = testSummariesBreakdownViewController.swift; sourceTree = "<group>"; };
		548E237C230CC0C6002F0820 /* subtestSummaryBreakdownViewController.swift */ = {isa = PBXFileReference; lastKnownFileType = sourcecode.swift; path = subtestSummaryBreakdownViewController.swift; sourceTree = "<group>"; };
		548E2384230DF03F002F0820 /* QuickLook.framework */ = {isa = PBXFileReference; lastKnownFileType = wrapper.framework; name = QuickLook.framework; path = System/Library/Frameworks/QuickLook.framework; sourceTree = SDKROOT; };
		54AC57A8231054FD0081D5F0 /* breakdownWindowController.swift */ = {isa = PBXFileReference; lastKnownFileType = sourcecode.swift; path = breakdownWindowController.swift; sourceTree = "<group>"; };
		54AC57B62310B7530081D5F0 /* xcparser.framework */ = {isa = PBXFileReference; lastKnownFileType = wrapper.framework; name = xcparser.framework; path = ../xcparser/xcparser.framework; sourceTree = "<group>"; };
		54B53F6E230F3A4C00D1ED2C /* xcparseFields.swift */ = {isa = PBXFileReference; lastKnownFileType = sourcecode.swift; path = xcparseFields.swift; sourceTree = "<group>"; };
		54B53F72230F4E0F00D1ED2C /* exportViewController.swift */ = {isa = PBXFileReference; lastKnownFileType = sourcecode.swift; path = exportViewController.swift; sourceTree = "<group>"; };
		54F16A932304A23900601106 /* xcparseView.swift */ = {isa = PBXFileReference; lastKnownFileType = sourcecode.swift; name = xcparseView.swift; path = "Sample-Test-App/xcparseView.swift"; sourceTree = SOURCE_ROOT; };
		54F16A9C2304D30700601106 /* objectBreakdownViewController.swift */ = {isa = PBXFileReference; lastKnownFileType = sourcecode.swift; path = objectBreakdownViewController.swift; sourceTree = "<group>"; };
		54FABB092302265600369599 /* Sample-Test-App.app */ = {isa = PBXFileReference; explicitFileType = wrapper.application; includeInIndex = 0; path = "Sample-Test-App.app"; sourceTree = BUILT_PRODUCTS_DIR; };
		54FABB0C2302265600369599 /* AppDelegate.swift */ = {isa = PBXFileReference; lastKnownFileType = sourcecode.swift; path = AppDelegate.swift; sourceTree = "<group>"; };
		54FABB0E2302265600369599 /* ViewController.swift */ = {isa = PBXFileReference; lastKnownFileType = sourcecode.swift; path = ViewController.swift; sourceTree = "<group>"; };
		54FABB102302265700369599 /* Assets.xcassets */ = {isa = PBXFileReference; lastKnownFileType = folder.assetcatalog; path = Assets.xcassets; sourceTree = "<group>"; };
		54FABB132302265700369599 /* Base */ = {isa = PBXFileReference; lastKnownFileType = file.storyboard; name = Base; path = Base.lproj/Main.storyboard; sourceTree = "<group>"; };
		54FABB152302265700369599 /* Info.plist */ = {isa = PBXFileReference; lastKnownFileType = text.plist.xml; path = Info.plist; sourceTree = "<group>"; };
		54FABB162302265700369599 /* Sample_Test_App.entitlements */ = {isa = PBXFileReference; lastKnownFileType = text.plist.entitlements; path = Sample_Test_App.entitlements; sourceTree = "<group>"; };
		54FABB1B2302265700369599 /* Sample-Test-AppTests.xctest */ = {isa = PBXFileReference; explicitFileType = wrapper.cfbundle; includeInIndex = 0; path = "Sample-Test-AppTests.xctest"; sourceTree = BUILT_PRODUCTS_DIR; };
		54FABB1F2302265700369599 /* Sample_Test_AppTests.swift */ = {isa = PBXFileReference; lastKnownFileType = sourcecode.swift; path = Sample_Test_AppTests.swift; sourceTree = "<group>"; };
		54FABB212302265700369599 /* Info.plist */ = {isa = PBXFileReference; lastKnownFileType = text.plist.xml; path = Info.plist; sourceTree = "<group>"; };
		54FABB262302265700369599 /* Sample-Test-AppUITests.xctest */ = {isa = PBXFileReference; explicitFileType = wrapper.cfbundle; includeInIndex = 0; path = "Sample-Test-AppUITests.xctest"; sourceTree = BUILT_PRODUCTS_DIR; };
		54FABB2A2302265700369599 /* Sample_Test_AppUITests.swift */ = {isa = PBXFileReference; lastKnownFileType = sourcecode.swift; path = Sample_Test_AppUITests.swift; sourceTree = "<group>"; };
		54FABB2C2302265700369599 /* Info.plist */ = {isa = PBXFileReference; lastKnownFileType = text.plist.xml; path = Info.plist; sourceTree = "<group>"; };
/* End PBXFileReference section */

/* Begin PBXFrameworksBuildPhase section */
		5443C22B23037027009E7319 /* Frameworks */ = {
			isa = PBXFrameworksBuildPhase;
			buildActionMask = 2147483647;
			files = (
			);
			runOnlyForDeploymentPostprocessing = 0;
		};
		5443C239230370C0009E7319 /* Frameworks */ = {
			isa = PBXFrameworksBuildPhase;
			buildActionMask = 2147483647;
			files = (
			);
			runOnlyForDeploymentPostprocessing = 0;
		};
		5443C24E23037F72009E7319 /* Frameworks */ = {
			isa = PBXFrameworksBuildPhase;
			buildActionMask = 2147483647;
			files = (
			);
			runOnlyForDeploymentPostprocessing = 0;
		};
		5443C26323047D57009E7319 /* Frameworks */ = {
			isa = PBXFrameworksBuildPhase;
			buildActionMask = 2147483647;
			files = (
			);
			runOnlyForDeploymentPostprocessing = 0;
		};
		54FABB062302265600369599 /* Frameworks */ = {
			isa = PBXFrameworksBuildPhase;
			buildActionMask = 2147483647;
			files = (
				54AC57B72310B7530081D5F0 /* xcparser.framework in Frameworks */,
			);
			runOnlyForDeploymentPostprocessing = 0;
		};
		54FABB182302265700369599 /* Frameworks */ = {
			isa = PBXFrameworksBuildPhase;
			buildActionMask = 2147483647;
			files = (
			);
			runOnlyForDeploymentPostprocessing = 0;
		};
		54FABB232302265700369599 /* Frameworks */ = {
			isa = PBXFrameworksBuildPhase;
			buildActionMask = 2147483647;
			files = (
			);
			runOnlyForDeploymentPostprocessing = 0;
		};
/* End PBXFrameworksBuildPhase section */

/* Begin PBXGroup section */
		5443C22F23037027009E7319 /* CPTEmptyTestBundle */ = {
			isa = PBXGroup;
			children = (
				5443C23023037027009E7319 /* CPTEmptyTestBundle.swift */,
				5443C23223037027009E7319 /* Info.plist */,
			);
			path = CPTEmptyTestBundle;
			sourceTree = "<group>";
		};
		5443C23D230370C0009E7319 /* CPTTitleChangeTests */ = {
			isa = PBXGroup;
			children = (
				5443C23E230370C0009E7319 /* CPTTitleChangeTests.swift */,
				5443C240230370C0009E7319 /* Info.plist */,
			);
			path = CPTTitleChangeTests;
			sourceTree = "<group>";
		};
		5443C25223037F72009E7319 /* CPTBundleWithMultipleSuites */ = {
			isa = PBXGroup;
			children = (
				5443C25323037F72009E7319 /* CPTBundleWithMultipleSuites.swift */,
				5443C25523037F72009E7319 /* Info.plist */,
				5443C25B23037FE9009E7319 /* CPTNavigateTabs.swift */,
				5443C25D23038036009E7319 /* CPTTitleChangeTests.swift */,
			);
			path = CPTBundleWithMultipleSuites;
			sourceTree = "<group>";
		};
		5443C26723047D57009E7319 /* CPTUnitTestBundle */ = {
			isa = PBXGroup;
			children = (
				5443C26823047D57009E7319 /* CPTUnitTestBundle.swift */,
				5443C26A23047D57009E7319 /* Info.plist */,
				5443C27023047E14009E7319 /* CPTTestIncrement.swift */,
				5443C2732304840D009E7319 /* CPTTestChangeTitle.swift */,
			);
			path = CPTUnitTestBundle;
			sourceTree = "<group>";
		};
		5443C27723048AC4009E7319 /* Frameworks */ = {
			isa = PBXGroup;
			children = (
				54AC57B62310B7530081D5F0 /* xcparser.framework */,
				548E2384230DF03F002F0820 /* QuickLook.framework */,
			);
			name = Frameworks;
			sourceTree = "<group>";
		};
		5443C28623049DD6009E7319 /* View Controllers */ = {
			isa = PBXGroup;
			children = (
				5443C21323032448009E7319 /* secondViewController.swift */,
				54F16A9C2304D30700601106 /* objectBreakdownViewController.swift */,
				54FABB0E2302265600369599 /* ViewController.swift */,
				5443C2152303250E009E7319 /* firstViewController.swift */,
				5443C27E23048EE1009E7319 /* testTabViewController.swift */,
				5443C28223049013009E7319 /* xcparseViewController.swift */,
				548E2379230CAB7C002F0820 /* testSummariesBreakdownViewController.swift */,
				548E237C230CC0C6002F0820 /* subtestSummaryBreakdownViewController.swift */,
				5465E006230F0F2600263B4D /* allTestsViewController.swift */,
				54B53F72230F4E0F00D1ED2C /* exportViewController.swift */,
				54AC57A8231054FD0081D5F0 /* breakdownWindowController.swift */,
			);
			path = "View Controllers";
			sourceTree = "<group>";
		};
		548E236223071D79002F0820 /* Products */ = {
			isa = PBXGroup;
			children = (
				548E236723071D79002F0820 /* xcparser.framework */,
				548E236923071D79002F0820 /* xcparserTests.xctest */,
			);
			name = Products;
			sourceTree = "<group>";
		};
		54FABB002302265600369599 = {
			isa = PBXGroup;
			children = (
				5443C275230485FE009E7319 /* CPTMixedTestPlan.xctestplan */,
				5443C26123047A46009E7319 /* CPTTestPlanWithSampleTests.xctestplan */,
				5443C26023047374009E7319 /* CPTTestPlanWithEmptyBundle.xctestplan */,
				5443C25F23038566009E7319 /* CPTMultipleConfigurations.xctestplan */,
				5443C272230480A0009E7319 /* CPTTestPlanWithUnitTest.xctestplan */,
				5443C27623048717009E7319 /* CPTSingleBundleSingleTest.xctestplan */,
				54FABB0B2302265600369599 /* Sample-Test-App */,
				54FABB1E2302265700369599 /* Sample-Test-AppTests */,
				54FABB292302265700369599 /* Sample-Test-AppUITests */,
				5443C22F23037027009E7319 /* CPTEmptyTestBundle */,
				5443C23D230370C0009E7319 /* CPTTitleChangeTests */,
				5443C25223037F72009E7319 /* CPTBundleWithMultipleSuites */,
				5443C26723047D57009E7319 /* CPTUnitTestBundle */,
				54FABB0A2302265600369599 /* Products */,
				5443C27723048AC4009E7319 /* Frameworks */,
			);
			sourceTree = "<group>";
		};
		54FABB0A2302265600369599 /* Products */ = {
			isa = PBXGroup;
			children = (
				54FABB092302265600369599 /* Sample-Test-App.app */,
				54FABB1B2302265700369599 /* Sample-Test-AppTests.xctest */,
				54FABB262302265700369599 /* Sample-Test-AppUITests.xctest */,
				5443C22E23037027009E7319 /* CPTEmptyTestBundle.xctest */,
				5443C23C230370C0009E7319 /* CPTTitleChangeTests.xctest */,
				5443C25123037F72009E7319 /* CPTBundleWithMultipleSuites.xctest */,
				5443C26623047D57009E7319 /* CPTUnitTestBundle.xctest */,
			);
			name = Products;
			sourceTree = "<group>";
		};
		54FABB0B2302265600369599 /* Sample-Test-App */ = {
			isa = PBXGroup;
			children = (
				548E236123071D79002F0820 /* xcparser.xcodeproj */,
				54F16A932304A23900601106 /* xcparseView.swift */,
				5443C28623049DD6009E7319 /* View Controllers */,
				54FABB0C2302265600369599 /* AppDelegate.swift */,
				54FABB102302265700369599 /* Assets.xcassets */,
				54FABB122302265700369599 /* Main.storyboard */,
				54FABB152302265700369599 /* Info.plist */,
				54FABB162302265700369599 /* Sample_Test_App.entitlements */,
				5465E004230EFC9200263B4D /* customSegue.swift */,
				5465E00A230F1CFF00263B4D /* addBreakdownTab.swift */,
				54B53F6E230F3A4C00D1ED2C /* xcparseFields.swift */,
			);
			path = "Sample-Test-App";
			sourceTree = "<group>";
		};
		54FABB1E2302265700369599 /* Sample-Test-AppTests */ = {
			isa = PBXGroup;
			children = (
				54FABB1F2302265700369599 /* Sample_Test_AppTests.swift */,
				54FABB212302265700369599 /* Info.plist */,
			);
			path = "Sample-Test-AppTests";
			sourceTree = "<group>";
		};
		54FABB292302265700369599 /* Sample-Test-AppUITests */ = {
			isa = PBXGroup;
			children = (
				54FABB2A2302265700369599 /* Sample_Test_AppUITests.swift */,
				54FABB2C2302265700369599 /* Info.plist */,
			);
			path = "Sample-Test-AppUITests";
			sourceTree = "<group>";
		};
/* End PBXGroup section */

/* Begin PBXNativeTarget section */
		5443C22D23037027009E7319 /* CPTEmptyTestBundle */ = {
			isa = PBXNativeTarget;
			buildConfigurationList = 5443C23523037027009E7319 /* Build configuration list for PBXNativeTarget "CPTEmptyTestBundle" */;
			buildPhases = (
				5443C22A23037027009E7319 /* Sources */,
				5443C22B23037027009E7319 /* Frameworks */,
				5443C22C23037027009E7319 /* Resources */,
			);
			buildRules = (
			);
			dependencies = (
				5443C23423037027009E7319 /* PBXTargetDependency */,
			);
			name = CPTEmptyTestBundle;
			productName = CPTEmptyTestBundle;
			productReference = 5443C22E23037027009E7319 /* CPTEmptyTestBundle.xctest */;
			productType = "com.apple.product-type.bundle.ui-testing";
		};
		5443C23B230370C0009E7319 /* CPTTitleChangeTests */ = {
			isa = PBXNativeTarget;
			buildConfigurationList = 5443C243230370C0009E7319 /* Build configuration list for PBXNativeTarget "CPTTitleChangeTests" */;
			buildPhases = (
				5443C238230370C0009E7319 /* Sources */,
				5443C239230370C0009E7319 /* Frameworks */,
				5443C23A230370C0009E7319 /* Resources */,
			);
			buildRules = (
			);
			dependencies = (
				5443C242230370C0009E7319 /* PBXTargetDependency */,
			);
			name = CPTTitleChangeTests;
			productName = CPTTitleChangeTests;
			productReference = 5443C23C230370C0009E7319 /* CPTTitleChangeTests.xctest */;
			productType = "com.apple.product-type.bundle.ui-testing";
		};
		5443C25023037F72009E7319 /* CPTBundleWithMultipleSuites */ = {
			isa = PBXNativeTarget;
			buildConfigurationList = 5443C25823037F72009E7319 /* Build configuration list for PBXNativeTarget "CPTBundleWithMultipleSuites" */;
			buildPhases = (
				5443C24D23037F72009E7319 /* Sources */,
				5443C24E23037F72009E7319 /* Frameworks */,
				5443C24F23037F72009E7319 /* Resources */,
			);
			buildRules = (
			);
			dependencies = (
				5443C25723037F72009E7319 /* PBXTargetDependency */,
			);
			name = CPTBundleWithMultipleSuites;
			productName = CPTBundleWithMultipleSuites;
			productReference = 5443C25123037F72009E7319 /* CPTBundleWithMultipleSuites.xctest */;
			productType = "com.apple.product-type.bundle.ui-testing";
		};
		5443C26523047D57009E7319 /* CPTUnitTestBundle */ = {
			isa = PBXNativeTarget;
			buildConfigurationList = 5443C26D23047D57009E7319 /* Build configuration list for PBXNativeTarget "CPTUnitTestBundle" */;
			buildPhases = (
				5443C26223047D57009E7319 /* Sources */,
				5443C26323047D57009E7319 /* Frameworks */,
				5443C26423047D57009E7319 /* Resources */,
			);
			buildRules = (
			);
			dependencies = (
				5443C26C23047D57009E7319 /* PBXTargetDependency */,
			);
			name = CPTUnitTestBundle;
			productName = CPTUnitTestBundle;
			productReference = 5443C26623047D57009E7319 /* CPTUnitTestBundle.xctest */;
			productType = "com.apple.product-type.bundle.unit-test";
		};
		54FABB082302265600369599 /* Sample-Test-App */ = {
			isa = PBXNativeTarget;
			buildConfigurationList = 54FABB2F2302265700369599 /* Build configuration list for PBXNativeTarget "Sample-Test-App" */;
			buildPhases = (
				54FABB052302265600369599 /* Sources */,
				54FABB062302265600369599 /* Frameworks */,
				54FABB072302265600369599 /* Resources */,
				54AC57B92310B7530081D5F0 /* Embed Frameworks */,
			);
			buildRules = (
			);
			dependencies = (
			);
			name = "Sample-Test-App";
			productName = "Sample-Test-App";
			productReference = 54FABB092302265600369599 /* Sample-Test-App.app */;
			productType = "com.apple.product-type.application";
		};
		54FABB1A2302265700369599 /* Sample-Test-AppTests */ = {
			isa = PBXNativeTarget;
			buildConfigurationList = 54FABB322302265700369599 /* Build configuration list for PBXNativeTarget "Sample-Test-AppTests" */;
			buildPhases = (
				54FABB172302265700369599 /* Sources */,
				54FABB182302265700369599 /* Frameworks */,
				54FABB192302265700369599 /* Resources */,
			);
			buildRules = (
			);
			dependencies = (
				54FABB1D2302265700369599 /* PBXTargetDependency */,
			);
			name = "Sample-Test-AppTests";
			productName = "Sample-Test-AppTests";
			productReference = 54FABB1B2302265700369599 /* Sample-Test-AppTests.xctest */;
			productType = "com.apple.product-type.bundle.unit-test";
		};
		54FABB252302265700369599 /* Sample-Test-AppUITests */ = {
			isa = PBXNativeTarget;
			buildConfigurationList = 54FABB352302265700369599 /* Build configuration list for PBXNativeTarget "Sample-Test-AppUITests" */;
			buildPhases = (
				54FABB222302265700369599 /* Sources */,
				54FABB232302265700369599 /* Frameworks */,
				54FABB242302265700369599 /* Resources */,
			);
			buildRules = (
			);
			dependencies = (
				54FABB282302265700369599 /* PBXTargetDependency */,
			);
			name = "Sample-Test-AppUITests";
			productName = "Sample-Test-AppUITests";
			productReference = 54FABB262302265700369599 /* Sample-Test-AppUITests.xctest */;
			productType = "com.apple.product-type.bundle.ui-testing";
		};
/* End PBXNativeTarget section */

/* Begin PBXProject section */
		54FABB012302265600369599 /* Project object */ = {
			isa = PBXProject;
			attributes = {
				LastSwiftUpdateCheck = 1100;
				LastUpgradeCheck = 1100;
				ORGANIZATIONNAME = "Rishab Sukumar";
				TargetAttributes = {
					5443C22D23037027009E7319 = {
						CreatedOnToolsVersion = 11.0;
						TestTargetID = 54FABB082302265600369599;
					};
					5443C23B230370C0009E7319 = {
						CreatedOnToolsVersion = 11.0;
						TestTargetID = 54FABB082302265600369599;
					};
					5443C25023037F72009E7319 = {
						CreatedOnToolsVersion = 11.0;
						TestTargetID = 54FABB082302265600369599;
					};
					5443C26523047D57009E7319 = {
						CreatedOnToolsVersion = 11.0;
						TestTargetID = 54FABB082302265600369599;
					};
					54FABB082302265600369599 = {
						CreatedOnToolsVersion = 11.0;
					};
					54FABB1A2302265700369599 = {
						CreatedOnToolsVersion = 11.0;
						TestTargetID = 54FABB082302265600369599;
					};
					54FABB252302265700369599 = {
						CreatedOnToolsVersion = 11.0;
						TestTargetID = 54FABB082302265600369599;
					};
				};
			};
			buildConfigurationList = 54FABB042302265600369599 /* Build configuration list for PBXProject "Sample-Test-App" */;
			compatibilityVersion = "Xcode 9.3";
			developmentRegion = en;
			hasScannedForEncodings = 0;
			knownRegions = (
				en,
				Base,
			);
			mainGroup = 54FABB002302265600369599;
			productRefGroup = 54FABB0A2302265600369599 /* Products */;
			projectDirPath = "";
			projectReferences = (
				{
					ProductGroup = 548E236223071D79002F0820 /* Products */;
					ProjectRef = 548E236123071D79002F0820 /* xcparser.xcodeproj */;
				},
			);
			projectRoot = "";
			targets = (
				54FABB082302265600369599 /* Sample-Test-App */,
				54FABB1A2302265700369599 /* Sample-Test-AppTests */,
				54FABB252302265700369599 /* Sample-Test-AppUITests */,
				5443C22D23037027009E7319 /* CPTEmptyTestBundle */,
				5443C23B230370C0009E7319 /* CPTTitleChangeTests */,
				5443C25023037F72009E7319 /* CPTBundleWithMultipleSuites */,
				5443C26523047D57009E7319 /* CPTUnitTestBundle */,
			);
		};
/* End PBXProject section */

/* Begin PBXReferenceProxy section */
		548E236723071D79002F0820 /* xcparser.framework */ = {
			isa = PBXReferenceProxy;
			fileType = wrapper.framework;
			path = xcparser.framework;
			remoteRef = 548E236623071D79002F0820 /* PBXContainerItemProxy */;
			sourceTree = BUILT_PRODUCTS_DIR;
		};
		548E236923071D79002F0820 /* xcparserTests.xctest */ = {
			isa = PBXReferenceProxy;
			fileType = wrapper.cfbundle;
			path = xcparserTests.xctest;
			remoteRef = 548E236823071D79002F0820 /* PBXContainerItemProxy */;
			sourceTree = BUILT_PRODUCTS_DIR;
		};
/* End PBXReferenceProxy section */

/* Begin PBXResourcesBuildPhase section */
		5443C22C23037027009E7319 /* Resources */ = {
			isa = PBXResourcesBuildPhase;
			buildActionMask = 2147483647;
			files = (
			);
			runOnlyForDeploymentPostprocessing = 0;
		};
		5443C23A230370C0009E7319 /* Resources */ = {
			isa = PBXResourcesBuildPhase;
			buildActionMask = 2147483647;
			files = (
			);
			runOnlyForDeploymentPostprocessing = 0;
		};
		5443C24F23037F72009E7319 /* Resources */ = {
			isa = PBXResourcesBuildPhase;
			buildActionMask = 2147483647;
			files = (
			);
			runOnlyForDeploymentPostprocessing = 0;
		};
		5443C26423047D57009E7319 /* Resources */ = {
			isa = PBXResourcesBuildPhase;
			buildActionMask = 2147483647;
			files = (
			);
			runOnlyForDeploymentPostprocessing = 0;
		};
		54FABB072302265600369599 /* Resources */ = {
			isa = PBXResourcesBuildPhase;
			buildActionMask = 2147483647;
			files = (
				54FABB112302265700369599 /* Assets.xcassets in Resources */,
				54FABB142302265700369599 /* Main.storyboard in Resources */,
			);
			runOnlyForDeploymentPostprocessing = 0;
		};
		54FABB192302265700369599 /* Resources */ = {
			isa = PBXResourcesBuildPhase;
			buildActionMask = 2147483647;
			files = (
			);
			runOnlyForDeploymentPostprocessing = 0;
		};
		54FABB242302265700369599 /* Resources */ = {
			isa = PBXResourcesBuildPhase;
			buildActionMask = 2147483647;
			files = (
			);
			runOnlyForDeploymentPostprocessing = 0;
		};
/* End PBXResourcesBuildPhase section */

/* Begin PBXSourcesBuildPhase section */
		5443C22A23037027009E7319 /* Sources */ = {
			isa = PBXSourcesBuildPhase;
			buildActionMask = 2147483647;
			files = (
				5443C23123037027009E7319 /* CPTEmptyTestBundle.swift in Sources */,
			);
			runOnlyForDeploymentPostprocessing = 0;
		};
		5443C238230370C0009E7319 /* Sources */ = {
			isa = PBXSourcesBuildPhase;
			buildActionMask = 2147483647;
			files = (
				5443C23F230370C0009E7319 /* CPTTitleChangeTests.swift in Sources */,
			);
			runOnlyForDeploymentPostprocessing = 0;
		};
		5443C24D23037F72009E7319 /* Sources */ = {
			isa = PBXSourcesBuildPhase;
			buildActionMask = 2147483647;
			files = (
				5443C25E23038036009E7319 /* CPTTitleChangeTests.swift in Sources */,
				5443C25C23037FE9009E7319 /* CPTNavigateTabs.swift in Sources */,
				5443C25423037F72009E7319 /* CPTBundleWithMultipleSuites.swift in Sources */,
			);
			runOnlyForDeploymentPostprocessing = 0;
		};
		5443C26223047D57009E7319 /* Sources */ = {
			isa = PBXSourcesBuildPhase;
			buildActionMask = 2147483647;
			files = (
				5443C2742304840D009E7319 /* CPTTestChangeTitle.swift in Sources */,
				5443C26923047D57009E7319 /* CPTUnitTestBundle.swift in Sources */,
				5443C27123047E14009E7319 /* CPTTestIncrement.swift in Sources */,
			);
			runOnlyForDeploymentPostprocessing = 0;
		};
		54FABB052302265600369599 /* Sources */ = {
			isa = PBXSourcesBuildPhase;
			buildActionMask = 2147483647;
			files = (
				54FABB0F2302265600369599 /* ViewController.swift in Sources */,
				5465E005230EFC9200263B4D /* customSegue.swift in Sources */,
				54AC57A9231054FD0081D5F0 /* breakdownWindowController.swift in Sources */,
				5465E00B230F1CFF00263B4D /* addBreakdownTab.swift in Sources */,
				5465E007230F0F2600263B4D /* allTestsViewController.swift in Sources */,
				54F16A9D2304D30700601106 /* objectBreakdownViewController.swift in Sources */,
				5443C28323049013009E7319 /* xcparseViewController.swift in Sources */,
				54F16A942304A23900601106 /* xcparseView.swift in Sources */,
				5443C28023048EE1009E7319 /* testTabViewController.swift in Sources */,
				5443C21423032448009E7319 /* secondViewController.swift in Sources */,
				54B53F73230F4E0F00D1ED2C /* exportViewController.swift in Sources */,
				54B53F6F230F3A4C00D1ED2C /* xcparseFields.swift in Sources */,
				54FABB0D2302265600369599 /* AppDelegate.swift in Sources */,
				548E237A230CAB7C002F0820 /* testSummariesBreakdownViewController.swift in Sources */,
				548E237D230CC0C6002F0820 /* subtestSummaryBreakdownViewController.swift in Sources */,
				5443C2162303250E009E7319 /* firstViewController.swift in Sources */,
			);
			runOnlyForDeploymentPostprocessing = 0;
		};
		54FABB172302265700369599 /* Sources */ = {
			isa = PBXSourcesBuildPhase;
			buildActionMask = 2147483647;
			files = (
				54FABB202302265700369599 /* Sample_Test_AppTests.swift in Sources */,
			);
			runOnlyForDeploymentPostprocessing = 0;
		};
		54FABB222302265700369599 /* Sources */ = {
			isa = PBXSourcesBuildPhase;
			buildActionMask = 2147483647;
			files = (
				54FABB2B2302265700369599 /* Sample_Test_AppUITests.swift in Sources */,
			);
			runOnlyForDeploymentPostprocessing = 0;
		};
/* End PBXSourcesBuildPhase section */

/* Begin PBXTargetDependency section */
		5443C23423037027009E7319 /* PBXTargetDependency */ = {
			isa = PBXTargetDependency;
			target = 54FABB082302265600369599 /* Sample-Test-App */;
			targetProxy = 5443C23323037027009E7319 /* PBXContainerItemProxy */;
		};
		5443C242230370C0009E7319 /* PBXTargetDependency */ = {
			isa = PBXTargetDependency;
			target = 54FABB082302265600369599 /* Sample-Test-App */;
			targetProxy = 5443C241230370C0009E7319 /* PBXContainerItemProxy */;
		};
		5443C25723037F72009E7319 /* PBXTargetDependency */ = {
			isa = PBXTargetDependency;
			target = 54FABB082302265600369599 /* Sample-Test-App */;
			targetProxy = 5443C25623037F72009E7319 /* PBXContainerItemProxy */;
		};
		5443C26C23047D57009E7319 /* PBXTargetDependency */ = {
			isa = PBXTargetDependency;
			target = 54FABB082302265600369599 /* Sample-Test-App */;
			targetProxy = 5443C26B23047D57009E7319 /* PBXContainerItemProxy */;
		};
		54FABB1D2302265700369599 /* PBXTargetDependency */ = {
			isa = PBXTargetDependency;
			target = 54FABB082302265600369599 /* Sample-Test-App */;
			targetProxy = 54FABB1C2302265700369599 /* PBXContainerItemProxy */;
		};
		54FABB282302265700369599 /* PBXTargetDependency */ = {
			isa = PBXTargetDependency;
			target = 54FABB082302265600369599 /* Sample-Test-App */;
			targetProxy = 54FABB272302265700369599 /* PBXContainerItemProxy */;
		};
/* End PBXTargetDependency section */

/* Begin PBXVariantGroup section */
		54FABB122302265700369599 /* Main.storyboard */ = {
			isa = PBXVariantGroup;
			children = (
				54FABB132302265700369599 /* Base */,
			);
			name = Main.storyboard;
			sourceTree = "<group>";
		};
/* End PBXVariantGroup section */

/* Begin XCBuildConfiguration section */
		5443C23623037027009E7319 /* Debug */ = {
			isa = XCBuildConfiguration;
			buildSettings = {
				CODE_SIGN_STYLE = Automatic;
				COMBINE_HIDPI_IMAGES = YES;
				DEVELOPMENT_TEAM = 6HDD2WG77F;
				INFOPLIST_FILE = CPTEmptyTestBundle/Info.plist;
				LD_RUNPATH_SEARCH_PATHS = (
					"$(inherited)",
					"@executable_path/../Frameworks",
					"@loader_path/../Frameworks",
				);
				PRODUCT_BUNDLE_IDENTIFIER = com.coulomb.ChargePoint.CPTEmptyTestBundle;
				PRODUCT_NAME = "$(TARGET_NAME)";
				SWIFT_VERSION = 5.0;
				TEST_TARGET_NAME = "Sample-Test-App";
			};
			name = Debug;
		};
		5443C23723037027009E7319 /* Release */ = {
			isa = XCBuildConfiguration;
			buildSettings = {
				CODE_SIGN_STYLE = Automatic;
				COMBINE_HIDPI_IMAGES = YES;
				DEVELOPMENT_TEAM = 6HDD2WG77F;
				INFOPLIST_FILE = CPTEmptyTestBundle/Info.plist;
				LD_RUNPATH_SEARCH_PATHS = (
					"$(inherited)",
					"@executable_path/../Frameworks",
					"@loader_path/../Frameworks",
				);
				PRODUCT_BUNDLE_IDENTIFIER = com.coulomb.ChargePoint.CPTEmptyTestBundle;
				PRODUCT_NAME = "$(TARGET_NAME)";
				SWIFT_VERSION = 5.0;
				TEST_TARGET_NAME = "Sample-Test-App";
			};
			name = Release;
		};
		5443C244230370C0009E7319 /* Debug */ = {
			isa = XCBuildConfiguration;
			buildSettings = {
				CODE_SIGN_STYLE = Automatic;
				COMBINE_HIDPI_IMAGES = YES;
				DEVELOPMENT_TEAM = 6HDD2WG77F;
				INFOPLIST_FILE = CPTTitleChangeTests/Info.plist;
				LD_RUNPATH_SEARCH_PATHS = (
					"$(inherited)",
					"@executable_path/../Frameworks",
					"@loader_path/../Frameworks",
				);
				PRODUCT_BUNDLE_IDENTIFIER = com.coulomb.ChargePoint.CPTTitleChangeTests;
				PRODUCT_NAME = "$(TARGET_NAME)";
				SWIFT_VERSION = 5.0;
				TEST_TARGET_NAME = "Sample-Test-App";
			};
			name = Debug;
		};
		5443C245230370C0009E7319 /* Release */ = {
			isa = XCBuildConfiguration;
			buildSettings = {
				CODE_SIGN_STYLE = Automatic;
				COMBINE_HIDPI_IMAGES = YES;
				DEVELOPMENT_TEAM = 6HDD2WG77F;
				INFOPLIST_FILE = CPTTitleChangeTests/Info.plist;
				LD_RUNPATH_SEARCH_PATHS = (
					"$(inherited)",
					"@executable_path/../Frameworks",
					"@loader_path/../Frameworks",
				);
				PRODUCT_BUNDLE_IDENTIFIER = com.coulomb.ChargePoint.CPTTitleChangeTests;
				PRODUCT_NAME = "$(TARGET_NAME)";
				SWIFT_VERSION = 5.0;
				TEST_TARGET_NAME = "Sample-Test-App";
			};
			name = Release;
		};
		5443C25923037F72009E7319 /* Debug */ = {
			isa = XCBuildConfiguration;
			buildSettings = {
				CODE_SIGN_STYLE = Automatic;
				COMBINE_HIDPI_IMAGES = YES;
				DEVELOPMENT_TEAM = 6HDD2WG77F;
				INFOPLIST_FILE = CPTBundleWithMultipleSuites/Info.plist;
				LD_RUNPATH_SEARCH_PATHS = (
					"$(inherited)",
					"@executable_path/../Frameworks",
					"@loader_path/../Frameworks",
				);
				PRODUCT_BUNDLE_IDENTIFIER = com.coulomb.ChargePoint.CPTBundleWithMultipleSuites;
				PRODUCT_NAME = "$(TARGET_NAME)";
				SWIFT_VERSION = 5.0;
				TEST_TARGET_NAME = "Sample-Test-App";
			};
			name = Debug;
		};
		5443C25A23037F72009E7319 /* Release */ = {
			isa = XCBuildConfiguration;
			buildSettings = {
				CODE_SIGN_STYLE = Automatic;
				COMBINE_HIDPI_IMAGES = YES;
				DEVELOPMENT_TEAM = 6HDD2WG77F;
				INFOPLIST_FILE = CPTBundleWithMultipleSuites/Info.plist;
				LD_RUNPATH_SEARCH_PATHS = (
					"$(inherited)",
					"@executable_path/../Frameworks",
					"@loader_path/../Frameworks",
				);
				PRODUCT_BUNDLE_IDENTIFIER = com.coulomb.ChargePoint.CPTBundleWithMultipleSuites;
				PRODUCT_NAME = "$(TARGET_NAME)";
				SWIFT_VERSION = 5.0;
				TEST_TARGET_NAME = "Sample-Test-App";
			};
			name = Release;
		};
		5443C26E23047D57009E7319 /* Debug */ = {
			isa = XCBuildConfiguration;
			buildSettings = {
				BUNDLE_LOADER = "$(TEST_HOST)";
				CODE_SIGN_STYLE = Automatic;
				COMBINE_HIDPI_IMAGES = YES;
				DEVELOPMENT_TEAM = 6HDD2WG77F;
				INFOPLIST_FILE = CPTUnitTestBundle/Info.plist;
				LD_RUNPATH_SEARCH_PATHS = (
					"$(inherited)",
					"@executable_path/../Frameworks",
					"@loader_path/../Frameworks",
				);
				PRODUCT_BUNDLE_IDENTIFIER = com.coulomb.ChargePoint.CPTUnitTestBundle;
				PRODUCT_NAME = "$(TARGET_NAME)";
				SWIFT_VERSION = 5.0;
				TEST_HOST = "$(BUILT_PRODUCTS_DIR)/Sample-Test-App.app/Contents/MacOS/Sample-Test-App";
			};
			name = Debug;
		};
		5443C26F23047D57009E7319 /* Release */ = {
			isa = XCBuildConfiguration;
			buildSettings = {
				BUNDLE_LOADER = "$(TEST_HOST)";
				CODE_SIGN_STYLE = Automatic;
				COMBINE_HIDPI_IMAGES = YES;
				DEVELOPMENT_TEAM = 6HDD2WG77F;
				INFOPLIST_FILE = CPTUnitTestBundle/Info.plist;
				LD_RUNPATH_SEARCH_PATHS = (
					"$(inherited)",
					"@executable_path/../Frameworks",
					"@loader_path/../Frameworks",
				);
				PRODUCT_BUNDLE_IDENTIFIER = com.coulomb.ChargePoint.CPTUnitTestBundle;
				PRODUCT_NAME = "$(TARGET_NAME)";
				SWIFT_VERSION = 5.0;
				TEST_HOST = "$(BUILT_PRODUCTS_DIR)/Sample-Test-App.app/Contents/MacOS/Sample-Test-App";
			};
			name = Release;
		};
		54FABB2D2302265700369599 /* Debug */ = {
			isa = XCBuildConfiguration;
			buildSettings = {
				ALWAYS_SEARCH_USER_PATHS = NO;
				CLANG_ANALYZER_NONNULL = YES;
				CLANG_ANALYZER_NUMBER_OBJECT_CONVERSION = YES_AGGRESSIVE;
				CLANG_CXX_LANGUAGE_STANDARD = "gnu++14";
				CLANG_CXX_LIBRARY = "libc++";
				CLANG_ENABLE_MODULES = YES;
				CLANG_ENABLE_OBJC_ARC = YES;
				CLANG_ENABLE_OBJC_WEAK = YES;
				CLANG_WARN_BLOCK_CAPTURE_AUTORELEASING = YES;
				CLANG_WARN_BOOL_CONVERSION = YES;
				CLANG_WARN_COMMA = YES;
				CLANG_WARN_CONSTANT_CONVERSION = YES;
				CLANG_WARN_DEPRECATED_OBJC_IMPLEMENTATIONS = YES;
				CLANG_WARN_DIRECT_OBJC_ISA_USAGE = YES_ERROR;
				CLANG_WARN_DOCUMENTATION_COMMENTS = YES;
				CLANG_WARN_EMPTY_BODY = YES;
				CLANG_WARN_ENUM_CONVERSION = YES;
				CLANG_WARN_INFINITE_RECURSION = YES;
				CLANG_WARN_INT_CONVERSION = YES;
				CLANG_WARN_NON_LITERAL_NULL_CONVERSION = YES;
				CLANG_WARN_OBJC_IMPLICIT_RETAIN_SELF = YES;
				CLANG_WARN_OBJC_LITERAL_CONVERSION = YES;
				CLANG_WARN_OBJC_ROOT_CLASS = YES_ERROR;
				CLANG_WARN_RANGE_LOOP_ANALYSIS = YES;
				CLANG_WARN_STRICT_PROTOTYPES = YES;
				CLANG_WARN_SUSPICIOUS_MOVE = YES;
				CLANG_WARN_UNGUARDED_AVAILABILITY = YES_AGGRESSIVE;
				CLANG_WARN_UNREACHABLE_CODE = YES;
				CLANG_WARN__DUPLICATE_METHOD_MATCH = YES;
				COPY_PHASE_STRIP = NO;
				DEBUG_INFORMATION_FORMAT = dwarf;
				ENABLE_STRICT_OBJC_MSGSEND = YES;
				ENABLE_TESTABILITY = YES;
				GCC_C_LANGUAGE_STANDARD = gnu11;
				GCC_DYNAMIC_NO_PIC = NO;
				GCC_NO_COMMON_BLOCKS = YES;
				GCC_OPTIMIZATION_LEVEL = 0;
				GCC_PREPROCESSOR_DEFINITIONS = (
					"DEBUG=1",
					"$(inherited)",
				);
				GCC_WARN_64_TO_32_BIT_CONVERSION = YES;
				GCC_WARN_ABOUT_RETURN_TYPE = YES_ERROR;
				GCC_WARN_UNDECLARED_SELECTOR = YES;
				GCC_WARN_UNINITIALIZED_AUTOS = YES_AGGRESSIVE;
				GCC_WARN_UNUSED_FUNCTION = YES;
				GCC_WARN_UNUSED_VARIABLE = YES;
				MACOSX_DEPLOYMENT_TARGET = 10.14;
				MTL_ENABLE_DEBUG_INFO = INCLUDE_SOURCE;
				MTL_FAST_MATH = YES;
				ONLY_ACTIVE_ARCH = YES;
				SDKROOT = macosx;
				SWIFT_ACTIVE_COMPILATION_CONDITIONS = DEBUG;
				SWIFT_OPTIMIZATION_LEVEL = "-Onone";
			};
			name = Debug;
		};
		54FABB2E2302265700369599 /* Release */ = {
			isa = XCBuildConfiguration;
			buildSettings = {
				ALWAYS_SEARCH_USER_PATHS = NO;
				CLANG_ANALYZER_NONNULL = YES;
				CLANG_ANALYZER_NUMBER_OBJECT_CONVERSION = YES_AGGRESSIVE;
				CLANG_CXX_LANGUAGE_STANDARD = "gnu++14";
				CLANG_CXX_LIBRARY = "libc++";
				CLANG_ENABLE_MODULES = YES;
				CLANG_ENABLE_OBJC_ARC = YES;
				CLANG_ENABLE_OBJC_WEAK = YES;
				CLANG_WARN_BLOCK_CAPTURE_AUTORELEASING = YES;
				CLANG_WARN_BOOL_CONVERSION = YES;
				CLANG_WARN_COMMA = YES;
				CLANG_WARN_CONSTANT_CONVERSION = YES;
				CLANG_WARN_DEPRECATED_OBJC_IMPLEMENTATIONS = YES;
				CLANG_WARN_DIRECT_OBJC_ISA_USAGE = YES_ERROR;
				CLANG_WARN_DOCUMENTATION_COMMENTS = YES;
				CLANG_WARN_EMPTY_BODY = YES;
				CLANG_WARN_ENUM_CONVERSION = YES;
				CLANG_WARN_INFINITE_RECURSION = YES;
				CLANG_WARN_INT_CONVERSION = YES;
				CLANG_WARN_NON_LITERAL_NULL_CONVERSION = YES;
				CLANG_WARN_OBJC_IMPLICIT_RETAIN_SELF = YES;
				CLANG_WARN_OBJC_LITERAL_CONVERSION = YES;
				CLANG_WARN_OBJC_ROOT_CLASS = YES_ERROR;
				CLANG_WARN_RANGE_LOOP_ANALYSIS = YES;
				CLANG_WARN_STRICT_PROTOTYPES = YES;
				CLANG_WARN_SUSPICIOUS_MOVE = YES;
				CLANG_WARN_UNGUARDED_AVAILABILITY = YES_AGGRESSIVE;
				CLANG_WARN_UNREACHABLE_CODE = YES;
				CLANG_WARN__DUPLICATE_METHOD_MATCH = YES;
				COPY_PHASE_STRIP = NO;
				DEBUG_INFORMATION_FORMAT = "dwarf-with-dsym";
				ENABLE_NS_ASSERTIONS = NO;
				ENABLE_STRICT_OBJC_MSGSEND = YES;
				GCC_C_LANGUAGE_STANDARD = gnu11;
				GCC_NO_COMMON_BLOCKS = YES;
				GCC_WARN_64_TO_32_BIT_CONVERSION = YES;
				GCC_WARN_ABOUT_RETURN_TYPE = YES_ERROR;
				GCC_WARN_UNDECLARED_SELECTOR = YES;
				GCC_WARN_UNINITIALIZED_AUTOS = YES_AGGRESSIVE;
				GCC_WARN_UNUSED_FUNCTION = YES;
				GCC_WARN_UNUSED_VARIABLE = YES;
				MACOSX_DEPLOYMENT_TARGET = 10.14;
				MTL_ENABLE_DEBUG_INFO = NO;
				MTL_FAST_MATH = YES;
				SDKROOT = macosx;
				SWIFT_COMPILATION_MODE = wholemodule;
				SWIFT_OPTIMIZATION_LEVEL = "-O";
			};
			name = Release;
		};
		54FABB302302265700369599 /* Debug */ = {
			isa = XCBuildConfiguration;
			buildSettings = {
				ASSETCATALOG_COMPILER_APPICON_NAME = AppIcon;
				CODE_SIGN_ENTITLEMENTS = "Sample-Test-App/Sample_Test_App.entitlements";
				CODE_SIGN_STYLE = Automatic;
				COMBINE_HIDPI_IMAGES = YES;
				DEVELOPMENT_TEAM = 6HDD2WG77F;
				ENABLE_HARDENED_RUNTIME = YES;
				INFOPLIST_FILE = "Sample-Test-App/Info.plist";
				LD_RUNPATH_SEARCH_PATHS = (
					"$(inherited)",
					"@executable_path/../Frameworks",
				);
				PRODUCT_BUNDLE_IDENTIFIER = "com.coulomb.ChargePoint.Sample-Test-App";
				PRODUCT_NAME = "$(TARGET_NAME)";
				SWIFT_VERSION = 5.0;
			};
			name = Debug;
		};
		54FABB312302265700369599 /* Release */ = {
			isa = XCBuildConfiguration;
			buildSettings = {
				ASSETCATALOG_COMPILER_APPICON_NAME = AppIcon;
				CODE_SIGN_ENTITLEMENTS = "Sample-Test-App/Sample_Test_App.entitlements";
				CODE_SIGN_STYLE = Automatic;
				COMBINE_HIDPI_IMAGES = YES;
				DEVELOPMENT_TEAM = 6HDD2WG77F;
				ENABLE_HARDENED_RUNTIME = YES;
				INFOPLIST_FILE = "Sample-Test-App/Info.plist";
				LD_RUNPATH_SEARCH_PATHS = (
					"$(inherited)",
					"@executable_path/../Frameworks",
				);
				PRODUCT_BUNDLE_IDENTIFIER = "com.coulomb.ChargePoint.Sample-Test-App";
				PRODUCT_NAME = "$(TARGET_NAME)";
				SWIFT_VERSION = 5.0;
			};
			name = Release;
		};
		54FABB332302265700369599 /* Debug */ = {
			isa = XCBuildConfiguration;
			buildSettings = {
				ALWAYS_EMBED_SWIFT_STANDARD_LIBRARIES = YES;
				BUNDLE_LOADER = "$(TEST_HOST)";
				CODE_SIGN_STYLE = Automatic;
				COMBINE_HIDPI_IMAGES = YES;
				DEVELOPMENT_TEAM = 6HDD2WG77F;
				INFOPLIST_FILE = "Sample-Test-AppTests/Info.plist";
				LD_RUNPATH_SEARCH_PATHS = (
					"$(inherited)",
					"@executable_path/../Frameworks",
					"@loader_path/../Frameworks",
				);
				PRODUCT_BUNDLE_IDENTIFIER = "com.coulomb.ChargePoint.Sample-Test-AppTests";
				PRODUCT_NAME = "$(TARGET_NAME)";
				SWIFT_VERSION = 5.0;
				TEST_HOST = "$(BUILT_PRODUCTS_DIR)/Sample-Test-App.app/Contents/MacOS/Sample-Test-App";
			};
			name = Debug;
		};
		54FABB342302265700369599 /* Release */ = {
			isa = XCBuildConfiguration;
			buildSettings = {
				ALWAYS_EMBED_SWIFT_STANDARD_LIBRARIES = YES;
				BUNDLE_LOADER = "$(TEST_HOST)";
				CODE_SIGN_STYLE = Automatic;
				COMBINE_HIDPI_IMAGES = YES;
				DEVELOPMENT_TEAM = 6HDD2WG77F;
				INFOPLIST_FILE = "Sample-Test-AppTests/Info.plist";
				LD_RUNPATH_SEARCH_PATHS = (
					"$(inherited)",
					"@executable_path/../Frameworks",
					"@loader_path/../Frameworks",
				);
				PRODUCT_BUNDLE_IDENTIFIER = "com.coulomb.ChargePoint.Sample-Test-AppTests";
				PRODUCT_NAME = "$(TARGET_NAME)";
				SWIFT_VERSION = 5.0;
				TEST_HOST = "$(BUILT_PRODUCTS_DIR)/Sample-Test-App.app/Contents/MacOS/Sample-Test-App";
			};
			name = Release;
		};
		54FABB362302265700369599 /* Debug */ = {
			isa = XCBuildConfiguration;
			buildSettings = {
				ALWAYS_EMBED_SWIFT_STANDARD_LIBRARIES = YES;
				CODE_SIGN_STYLE = Automatic;
				COMBINE_HIDPI_IMAGES = YES;
				DEVELOPMENT_TEAM = 6HDD2WG77F;
				INFOPLIST_FILE = "Sample-Test-AppUITests/Info.plist";
				LD_RUNPATH_SEARCH_PATHS = (
					"$(inherited)",
					"@executable_path/../Frameworks",
					"@loader_path/../Frameworks",
				);
				PRODUCT_BUNDLE_IDENTIFIER = "com.coulomb.ChargePoint.Sample-Test-AppUITests";
				PRODUCT_NAME = "$(TARGET_NAME)";
				SWIFT_VERSION = 5.0;
				TEST_TARGET_NAME = "Sample-Test-App";
			};
			name = Debug;
		};
		54FABB372302265700369599 /* Release */ = {
			isa = XCBuildConfiguration;
			buildSettings = {
				ALWAYS_EMBED_SWIFT_STANDARD_LIBRARIES = YES;
				CODE_SIGN_STYLE = Automatic;
				COMBINE_HIDPI_IMAGES = YES;
				DEVELOPMENT_TEAM = 6HDD2WG77F;
				INFOPLIST_FILE = "Sample-Test-AppUITests/Info.plist";
				LD_RUNPATH_SEARCH_PATHS = (
					"$(inherited)",
					"@executable_path/../Frameworks",
					"@loader_path/../Frameworks",
				);
				PRODUCT_BUNDLE_IDENTIFIER = "com.coulomb.ChargePoint.Sample-Test-AppUITests";
				PRODUCT_NAME = "$(TARGET_NAME)";
				SWIFT_VERSION = 5.0;
				TEST_TARGET_NAME = "Sample-Test-App";
			};
			name = Release;
		};
/* End XCBuildConfiguration section */

/* Begin XCConfigurationList section */
		5443C23523037027009E7319 /* Build configuration list for PBXNativeTarget "CPTEmptyTestBundle" */ = {
			isa = XCConfigurationList;
			buildConfigurations = (
				5443C23623037027009E7319 /* Debug */,
				5443C23723037027009E7319 /* Release */,
			);
			defaultConfigurationIsVisible = 0;
			defaultConfigurationName = Release;
		};
		5443C243230370C0009E7319 /* Build configuration list for PBXNativeTarget "CPTTitleChangeTests" */ = {
			isa = XCConfigurationList;
			buildConfigurations = (
				5443C244230370C0009E7319 /* Debug */,
				5443C245230370C0009E7319 /* Release */,
			);
			defaultConfigurationIsVisible = 0;
			defaultConfigurationName = Release;
		};
		5443C25823037F72009E7319 /* Build configuration list for PBXNativeTarget "CPTBundleWithMultipleSuites" */ = {
			isa = XCConfigurationList;
			buildConfigurations = (
				5443C25923037F72009E7319 /* Debug */,
				5443C25A23037F72009E7319 /* Release */,
			);
			defaultConfigurationIsVisible = 0;
			defaultConfigurationName = Release;
		};
		5443C26D23047D57009E7319 /* Build configuration list for PBXNativeTarget "CPTUnitTestBundle" */ = {
			isa = XCConfigurationList;
			buildConfigurations = (
				5443C26E23047D57009E7319 /* Debug */,
				5443C26F23047D57009E7319 /* Release */,
			);
			defaultConfigurationIsVisible = 0;
			defaultConfigurationName = Release;
		};
		54FABB042302265600369599 /* Build configuration list for PBXProject "Sample-Test-App" */ = {
			isa = XCConfigurationList;
			buildConfigurations = (
				54FABB2D2302265700369599 /* Debug */,
				54FABB2E2302265700369599 /* Release */,
			);
			defaultConfigurationIsVisible = 0;
			defaultConfigurationName = Release;
		};
		54FABB2F2302265700369599 /* Build configuration list for PBXNativeTarget "Sample-Test-App" */ = {
			isa = XCConfigurationList;
			buildConfigurations = (
				54FABB302302265700369599 /* Debug */,
				54FABB312302265700369599 /* Release */,
			);
			defaultConfigurationIsVisible = 0;
			defaultConfigurationName = Release;
		};
		54FABB322302265700369599 /* Build configuration list for PBXNativeTarget "Sample-Test-AppTests" */ = {
			isa = XCConfigurationList;
			buildConfigurations = (
				54FABB332302265700369599 /* Debug */,
				54FABB342302265700369599 /* Release */,
			);
			defaultConfigurationIsVisible = 0;
			defaultConfigurationName = Release;
		};
		54FABB352302265700369599 /* Build configuration list for PBXNativeTarget "Sample-Test-AppUITests" */ = {
			isa = XCConfigurationList;
			buildConfigurations = (
				54FABB362302265700369599 /* Debug */,
				54FABB372302265700369599 /* Release */,
			);
			defaultConfigurationIsVisible = 0;
			defaultConfigurationName = Release;
		};
/* End XCConfigurationList section */
	};
	rootObject = 54FABB012302265600369599 /* Project object */;
}
